
Microsoft Visual Studio Solution File, Format Version 12.00
# Visual Studio 2017
Project("{FAE04EC0-301F-11D3-BF4B-00C04F79EFBC}") = "DiscGolf", "DiscGolf.csproj", "{555D0F2B-2B67-FD7C-3E7C-F3C90076684A}"
EndProject
Project("{FAE04EC0-301F-11D3-BF4B-00C04F79EFBC}") = "DiscGolf.Editor", "DiscGolf.Editor.csproj", "{DC1699E2-993C-4726-6B9B-5AB77BBD1CDB}"
EndProject
Global
	GlobalSection(SolutionConfigurationPlatforms) = preSolution
		Debug|Any CPU = Debug|Any CPU
		Release|Any CPU = Release|Any CPU
	EndGlobalSection
	GlobalSection(ProjectConfigurationPlatforms) = postSolution
		{555D0F2B-2B67-FD7C-3E7C-F3C90076684A}.Debug|Any CPU.ActiveCfg = Debug|Any CPU
		{555D0F2B-2B67-FD7C-3E7C-F3C90076684A}.Debug|Any CPU.Build.0 = Debug|Any CPU
		{555D0F2B-2B67-FD7C-3E7C-F3C90076684A}.Release|Any CPU.ActiveCfg = Release|Any CPU
		{555D0F2B-2B67-FD7C-3E7C-F3C90076684A}.Release|Any CPU.Build.0 = Release|Any CPU
		{DC1699E2-993C-4726-6B9B-5AB77BBD1CDB}.Debug|Any CPU.ActiveCfg = Debug|Any CPU
		{DC1699E2-993C-4726-6B9B-5AB77BBD1CDB}.Debug|Any CPU.Build.0 = Debug|Any CPU
		{DC1699E2-993C-4726-6B9B-5AB77BBD1CDB}.Release|Any CPU.ActiveCfg = Release|Any CPU
		{DC1699E2-993C-4726-6B9B-5AB77BBD1CDB}.Release|Any CPU.Build.0 = Release|Any CPU
	EndGlobalSection
	GlobalSection(SolutionProperties) = preSolution
		HideSolutionNode = FALSE
	EndGlobalSection
EndGlobal
